
Microsoft Visual Studio Solution File, Format Version 12.00
# Visual Studio Version 16
VisualStudioVersion = 16.0.31205.134
MinimumVisualStudioVersion = 10.0.40219.1
Project("{FAE04EC0-301F-11D3-BF4B-00C04F79EFBC}") = "PassByValByRef", "PassByValByRef\PassByValByRef.csproj", "{6B34BC40-3280-422E-91C5-1E46DB1CBE5A}"
EndProject
Global
	GlobalSection(SolutionConfigurationPlatforms) = preSolution
		Debug|Any CPU = Debug|Any CPU
		Release|Any CPU = Release|Any CPU
	EndGlobalSection
	GlobalSection(ProjectConfigurationPlatforms) = postSolution
		{6B34BC40-3280-422E-91C5-1E46DB1CBE5A}.Debug|Any CPU.ActiveCfg = Debug|Any CPU
		{6B34BC40-3280-422E-91C5-1E46DB1CBE5A}.Debug|Any CPU.Build.0 = Debug|Any CPU
		{6B34BC40-3280-422E-91C5-1E46DB1CBE5A}.Release|Any CPU.ActiveCfg = Release|Any CPU
		{6B34BC40-3280-422E-91C5-1E46DB1CBE5A}.Release|Any CPU.Build.0 = Release|Any CPU
	EndGlobalSection
	GlobalSection(SolutionProperties) = preSolution
		HideSolutionNode = FALSE
	EndGlobalSection
	GlobalSection(ExtensibilityGlobals) = postSolution
		SolutionGuid = {B7EE1274-3C4F-426A-A450-B365335F32AE}
	EndGlobalSection
EndGlobal
